
Microsoft Visual Studio Solution File, Format Version 12.00
# Visual Studio Version 17
VisualStudioVersion = 17.6.33927.249
MinimumVisualStudioVersion = 10.0.40219.1
Project("{FAE04EC0-301F-11D3-BF4B-00C04F79EFBC}") = "WebAPIModule4-Client", "WebAPIModule4-Client.csproj", "{37C718F4-EA8B-4E45-BB66-6DAE852CC610}"
EndProject
Global
	GlobalSection(SolutionConfigurationPlatforms) = preSolution
		Debug|Any CPU = Debug|Any CPU
		Release|Any CPU = Release|Any CPU
	EndGlobalSection
	GlobalSection(ProjectConfigurationPlatforms) = postSolution
		{37C718F4-EA8B-4E45-BB66-6DAE852CC610}.Debug|Any CPU.ActiveCfg = Debug|Any CPU
		{37C718F4-EA8B-4E45-BB66-6DAE852CC610}.Debug|Any CPU.Build.0 = Debug|Any CPU
		{37C718F4-EA8B-4E45-BB66-6DAE852CC610}.Release|Any CPU.ActiveCfg = Release|Any CPU
		{37C718F4-EA8B-4E45-BB66-6DAE852CC610}.Release|Any CPU.Build.0 = Release|Any CPU
	EndGlobalSection
	GlobalSection(SolutionProperties) = preSolution
		HideSolutionNode = FALSE
	EndGlobalSection
	GlobalSection(ExtensibilityGlobals) = postSolution
		SolutionGuid = {FAC9E28B-A73E-4864-A0E3-9952A66262FE}
	EndGlobalSection
EndGlobal
